{
  "nodes": {
    "aagl": {
      "inputs": {
        "flake-compat": [
          "xinux-lib",
          "flake-compat"
        ],
        "nixpkgs": [
          "nixpkgs"
        ],
        "rust-overlay": "rust-overlay"
      },
      "locked": {
        "lastModified": 1789138122,
        "narHash": "sha256-mh+ZiGCtHAo0xIi1yaNjHsftfnlWz9JiYwHCyT16yIE=",
        "ref": "refs/heads/main",
        "rev": "d82d6d6f66caf4b63fb154e62fad83c627874127",
        "shallow": true,
        "type": "git",
        "url": "https://git.oss.uzinfocom.uz/mirrors/aagl-gtk-on-nix"
      },
      "original": {
        "shallow": true,
        "type": "git",
        "url": "https://git.oss.uzinfocom.uz/mirrors/aagl-gtk-on-nix"
      }
    },
    "bleur": {
      "inputs": {
        "flake-parts": [
          "flake-parts"
        ],
        "nixpkgs": [
          "nixpkgs"
        ]
      },
      "locked": {
        "lastModified": 1782132215,
        "narHash": "sha256-pzMubbaKsivqUWEMpt/fIXguDjG1/2tcMFZf5vxo/AU=",
        "ref": "main",
        "rev": "41312b84801bb7314f12390af4c931aa3b50c789",
        "shallow": true,
        "type": "git",
        "url": "https://git.oss.uzinfocom.uz/bleur/bleur"
      },
      "original": {
        "ref": "main",
        "shallow": true,
        "type": "git",
        "url": "https://git.oss.uzinfocom.uz/bleur/bleur"
      }
    },
    "cachyos-kernel": {
      "inputs": {
        "flake-compat": [
          "xinux-lib",
          "flake-compat"
        ],
        "flake-parts": [
          "flake-parts"
        ],
        "nixpkgs": [
          "nixpkgs"
        ]
      },
      "locked": {
        "lastModified": 1789193252,
        "narHash": "sha256-ZbSvHVzIAxEFTg49r8r2MjPeIsG1zT4eB8yGiRnDvbU=",
        "ref": "master",
        "rev": "f36e1a9cb0b254e40a76f98658c5cdb945d31c24",
        "shallow": true,
        "type": "git",
        "url": "https://git.oss.uzinfocom.uz/mirrors/nix-cachyos-kernel"
      },
      "original": {
        "ref": "master",
        "shallow": true,
        "type": "git",
        "url": "https://git.oss.uzinfocom.uz/mirrors/nix-cachyos-kernel"
      }
    },
    "crane": {
      "locked": {
        "lastModified": 1780532242,
        "narHash": "sha256-D+BsdpxmtUwtqGoY0IXPhHgTlmqgcZKCEo1oMyn7ep0=",
        "owner": "ipetkov",
        "repo": "crane",
        "rev": "59a82a1222dd3b2080b5cc52a1a2e8d5f1b77f37",
        "type": "github"
      },
      "original": {
        "owner": "ipetkov",
        "repo": "crane",
        "type": "github"
      }
    },
    "e-imzo-manager": {
      "inputs": {
        "git-hooks": [
          "xinux-lib",
          "git-hooks"
        ],
        "nix-appimage": "nix-appimage",
        "nixpkgs": [
          "nixpkgs"
        ],
        "treefmt-nix": [
          "xinux-lib",
          "treefmt-nix"
        ],
        "xinux-lib": [
          "xinux-lib"
        ]
      },
      "locked": {
        "lastModified": 1787909131,
        "narHash": "sha256-7KW+mGAAVPf5BIobD2mF99J7PxgWckqtv+NJRAF8qhc=",
        "ref": "main",
        "rev": "f4c7865e611f5491ec242a0a3bb7bee4d12de8e5",
        "shallow": true,
        "type": "git",
        "url": "https://git.oss.uzinfocom.uz/xinux/e-imzo-manager"
      },
      "original": {
        "ref": "main",
        "shallow": true,
        "type": "git",
        "url": "https://git.oss.uzinfocom.uz/xinux/e-imzo-manager"
      }
    },
    "flake-compat": {
      "flake": false,
      "locked": {
        "lastModified": 1767039857,
        "narHash": "sha256-vNpUSpF5Nuw8xvDLj2KCwwksIbjua2LZCqhV1LNRDns=",
        "owner": "NixOS",
        "repo": "flake-compat",
        "rev": "5edf11c44bc78a0d334f6334cdaf7d60d732daab",
        "type": "github"
      },
      "original": {
        "owner": "NixOS",
        "repo": "flake-compat",
        "type": "github"
      }
    },
    "flake-parts": {
      "inputs": {
        "nixpkgs-lib": [
          "nixpkgs"
        ]
      },
      "locked": {
        "lastModified": 1788450739,
        "narHash": "sha256-glZLQlzIn1fXH6PazR2iUmTo7kzzyYSshrWhLS9TqCU=",
        "ref": "main",
        "rev": "31729ca8cbdb4fa927b34e5f4353e6a83f39e993",
        "shallow": true,
        "type": "git",
        "url": "https://git.oss.uzinfocom.uz/mirrors/flake-parts"
      },
      "original": {
        "ref": "main",
        "shallow": true,
        "type": "git",
        "url": "https://git.oss.uzinfocom.uz/mirrors/flake-parts"
      }
    },
    "flake-utils": {
      "inputs": {
        "systems": [
          "systems"
        ]
      },
      "locked": {
        "lastModified": 1731533236,
        "narHash": "sha256-l0KFg5HjrsfsO/JpG+r7fRrqm12kzFHyUHqHCVpMMbI=",
        "owner": "numtide",
        "repo": "flake-utils",
        "rev": "11707dc2f618dd54ca8739b309ec4fc024de578b",
        "type": "github"
      },
      "original": {
        "owner": "numtide",
        "repo": "flake-utils",
        "type": "github"
      }
    },
    "flake-utils-plus": {
      "inputs": {
        "flake-utils": [
          "flake-utils"
        ]
      },
      "locked": {
        "lastModified": 1779563444,
        "narHash": "sha256-+rEagECcF6BhWfLs8VCkPqsBuxxSSIRxMlgjXj6G8UQ=",
        "owner": "gytis-ivaskevicius",
        "repo": "flake-utils-plus",
        "rev": "a00f6f51907b5c74d2fde086b10b19d446d15717",
        "type": "github"
      },
      "original": {
        "owner": "gytis-ivaskevicius",
        "ref": "v1.6.0",
        "repo": "flake-utils-plus",
        "type": "github"
      }
    },
    "git-hooks": {
      "inputs": {
        "flake-compat": [
          "xinux-lib",
          "flake-compat"
        ],
        "gitignore": "gitignore",
        "nixpkgs": [
          "xinux-lib",
          "nixpkgs"
        ]
      },
      "locked": {
        "lastModified": 1772893680,
        "narHash": "sha256-JDqZMgxUTCq85ObSaFw0HhE+lvdOre1lx9iI6vYyOEs=",
        "owner": "cachix",
        "repo": "git-hooks.nix",
        "rev": "8baab586afc9c9b57645a734c820e4ac0a604af9",
        "type": "github"
      },
      "original": {
        "owner": "cachix",
        "repo": "git-hooks.nix",
        "type": "github"
      }
    },
    "gitignore": {
      "inputs": {
        "nixpkgs": [
          "xinux-lib",
          "git-hooks",
          "nixpkgs"
        ]
      },
      "locked": {
        "lastModified": 1709087332,
        "narHash": "sha256-HG2cCnktfHsKV0s4XW83gU3F57gaTljL9KNSuG6bnQs=",
        "owner": "hercules-ci",
        "repo": "gitignore.nix",
        "rev": "637db329424fd7e46cf4185293b9cc8c88c95394",
        "type": "github"
      },
      "original": {
        "owner": "hercules-ci",
        "repo": "gitignore.nix",
        "type": "github"
      }
    },
    "helium": {
      "inputs": {
        "nixpkgs": [
          "nixpkgs"
        ],
        "nixpkgs-darwin": "nixpkgs-darwin",
        "utils": "utils"
      },
      "locked": {
        "lastModified": 1789273773,
        "narHash": "sha256-M6Lg+eBxc1Xa2dDCQC3caY3eblA407+ExxvIry7L6LQ=",
        "ref": "refs/heads/main",
        "rev": "07b2696826ca7b95308902aa901f7a5d235c4f6e",
        "shallow": true,
        "type": "git",
        "url": "https://git.oss.uzinfocom.uz/mirrors/helium-browser-nix-flake"
      },
      "original": {
        "shallow": true,
        "type": "git",
        "url": "https://git.oss.uzinfocom.uz/mirrors/helium-browser-nix-flake"
      }
    },
    "home-manager": {
      "inputs": {
        "nixpkgs": [
          "zen-browser",
          "nixpkgs"
        ]
      },
      "locked": {
        "lastModified": 1788229478,
        "narHash": "sha256-G0F2rFORVcFkEvVdE/qWQTnYekIc77YP5/vRF9nZlxU=",
        "owner": "nix-community",
        "repo": "home-manager",
        "rev": "1dc2d1f720ab17fc7981e087346bf54b26d284b1",
        "type": "github"
      },
      "original": {
        "owner": "nix-community",
        "repo": "home-manager",
        "type": "github"
      }
    },
    "libxinux": {
      "inputs": {
        "nixpkgs": [
          "nixpkgs"
        ],
        "xinux-lib": [
          "xinux-lib"
        ]
      },
      "locked": {
        "lastModified": 1770676941,
        "narHash": "sha256-L9RXw3JqpeaJ99wE1Fbe646viYMpP6WchSCTOopr8p0=",
        "ref": "main",
        "rev": "203138995a1690c96f4d5476bd27bc5aa1cfb4ee",
        "shallow": true,
        "type": "git",
        "url": "https://git.oss.uzinfocom.uz/xinux/libxinux"
      },
      "original": {
        "ref": "main",
        "shallow": true,
        "type": "git",
        "url": "https://git.oss.uzinfocom.uz/xinux/libxinux"
      }
    },
    "mac-style-plymouth": {
      "inputs": {
        "flake-utils": [
          "flake-utils"
        ],
        "nixpkgs": [
          "nixpkgs"
        ]
      },
      "locked": {
        "lastModified": 1763734980,
        "narHash": "sha256-7p2OYlhPiHXNYHcBvBkvz9cxyku1C0uTe6p0Wtiwl1k=",
        "ref": "master",
        "rev": "6c0b648e35ba6394c8aff1421be296e331c3e8d4",
        "shallow": true,
        "type": "git",
        "url": "https://git.oss.uzinfocom.uz/xinux/xinux-plymouth-theme"
      },
      "original": {
        "ref": "master",
        "shallow": true,
        "type": "git",
        "url": "https://git.oss.uzinfocom.uz/xinux/xinux-plymouth-theme"
      }
    },
    "nix-appimage": {
      "inputs": {
        "flake-compat": [
          "xinux-lib",
          "flake-compat"
        ],
        "flake-utils": [
          "flake-utils"
        ],
        "nixpkgs": [
          "e-imzo-manager",
          "nixpkgs"
        ]
      },
      "locked": {
        "lastModified": 1757920913,
        "narHash": "sha256-jd0QwCVz4O1sHHkeaZILD/7D6oyalceEJ4EFnWCgm0k=",
        "owner": "ralismark",
        "repo": "nix-appimage",
        "rev": "7946addbc0d97e358a6d7aefe5e82310f0fe6b18",
        "type": "github"
      },
      "original": {
        "owner": "ralismark",
        "repo": "nix-appimage",
        "type": "github"
      }
    },
    "nix-software-center": {
      "inputs": {
        "git-hooks": [
          "xinux-lib",
          "git-hooks"
        ],
        "nixos-appstream-data": "nixos-appstream-data",
        "nixpkgs": [
          "nixpkgs"
        ],
        "treefmt-nix": [
          "xinux-lib",
          "treefmt-nix"
        ],
        "xinux-lib": [
          "xinux-lib"
        ]
      },
      "locked": {
        "lastModified": 1788765479,
        "narHash": "sha256-S9eyNm44dUaHjFZaDAMHLYAZcL+0JHwAfJhf95gSLPk=",
        "ref": "main",
        "rev": "8381cfde0f354ccd5c14cedc5233dbd8e9fbd0c6",
        "shallow": true,
        "type": "git",
        "url": "https://git.oss.uzinfocom.uz/xinux/software-center"
      },
      "original": {
        "ref": "main",
        "shallow": true,
        "type": "git",
        "url": "https://git.oss.uzinfocom.uz/xinux/software-center"
      }
    },
    "nixos-appstream-data": {
      "inputs": {
        "flake-utils": [
          "flake-utils"
        ],
        "nixpkgs": [
          "nix-software-center",
          "nixpkgs"
        ]
      },
      "locked": {
        "lastModified": 1779897478,
        "narHash": "sha256-XvfEuWs3XglA8F8pcZJs6Dt2HGTUEOrldkbZ+LKWcaw=",
        "owner": "bahrom04-lab",
        "repo": "nixos-appstream-data-fork",
        "rev": "a76fc5b7a61bca4f7a0b6890eb1aa22169a692d0",
        "type": "github"
      },
      "original": {
        "owner": "bahrom04-lab",
        "ref": "update-icons",
        "repo": "nixos-appstream-data-fork",
        "type": "github"
      }
    },
    "nixpkgs": {
      "locked": {
        "lastModified": 1789149629,
        "narHash": "sha256-H6GwaZzZf+4npqv0tph94w9tZddSjFjmQrVsW0z78uk=",
        "ref": "nixos-unstable",
        "rev": "eaad089433ca2bb662274377d33df3d0e51ef28b",
        "shallow": true,
        "type": "git",
        "url": "https://git.oss.uzinfocom.uz/xinux/nixpkgs"
      },
      "original": {
        "ref": "nixos-unstable",
        "shallow": true,
        "type": "git",
        "url": "https://git.oss.uzinfocom.uz/xinux/nixpkgs"
      }
    },
    "nixpkgs-darwin": {
      "locked": {
        "lastModified": 1789155820,
        "narHash": "sha256-cTHZTeYRV42p62ss3ZEFnBXrW3WpLgDpYWYyat4V2b8=",
        "owner": "NixOS",
        "repo": "nixpkgs",
        "rev": "8029b6c369415ee1ef02a86f352806348f104db9",
        "type": "github"
      },
      "original": {
        "owner": "NixOS",
        "ref": "nixpkgs-26.05-darwin",
        "repo": "nixpkgs",
        "type": "github"
      }
    },
    "relago": {
      "inputs": {
        "crane": "crane",
        "flake-parts": [
          "flake-parts"
        ],
        "flake-utils": [
          "flake-utils"
        ],
        "git-hooks-nix": [
          "xinux-lib",
          "git-hooks"
        ],
        "nixpkgs": [
          "nixpkgs"
        ],
        "treefmt-nix": [
          "xinux-lib",
          "treefmt-nix"
        ]
      },
      "locked": {
        "lastModified": 1789131641,
        "narHash": "sha256-khxnqWgv8WMFupn45GKRw/Z405QeHMYfB2LyBK51xwg=",
        "ref": "main",
        "rev": "17f2da5261188854f69388f6caa2ba3a3ea93cf1",
        "revCount": 58,
        "type": "git",
        "url": "https://git.oss.uzinfocom.uz/xinux/relago"
      },
      "original": {
        "ref": "main",
        "type": "git",
        "url": "https://git.oss.uzinfocom.uz/xinux/relago"
      }
    },
    "root": {
      "inputs": {
        "aagl": "aagl",
        "bleur": "bleur",
        "cachyos-kernel": "cachyos-kernel",
        "e-imzo-manager": "e-imzo-manager",
        "flake-parts": "flake-parts",
        "flake-utils": "flake-utils",
        "helium": "helium",
        "libxinux": "libxinux",
        "mac-style-plymouth": "mac-style-plymouth",
        "nix-software-center": "nix-software-center",
        "nixpkgs": "nixpkgs",
        "relago": "relago",
        "systems": "systems",
        "uz-xkb": "uz-xkb",
        "xin": "xin",
        "xinux-lib": "xinux-lib",
        "xinux-module-manager": "xinux-module-manager",
        "xinux-settings": "xinux-settings",
        "xinux-tour": "xinux-tour",
        "xinux-wallpaper": "xinux-wallpaper",
        "zen-browser": "zen-browser"
      }
    },
    "rust-overlay": {
      "inputs": {
        "nixpkgs": [
          "aagl",
          "nixpkgs"
        ]
      },
      "locked": {
        "lastModified": 1785476452,
        "narHash": "sha256-/CXwCFPS41rb/JI2VitKCgVK6V5E6/sfw5ke3B9zyVQ=",
        "owner": "oxalica",
        "repo": "rust-overlay",
        "rev": "6ef009bf4c4873cdc1a621826722bdea7c03e62c",
        "type": "github"
      },
      "original": {
        "owner": "oxalica",
        "repo": "rust-overlay",
        "type": "github"
      }
    },
    "systems": {
      "locked": {
        "lastModified": 1689347949,
        "narHash": "sha256-12tWmuL2zgBgZkdoB6qXZsgJEH9LR3oUgpaQq2RbI80=",
        "owner": "nix-systems",
        "repo": "default-linux",
        "rev": "31732fcf5e8fea42e59c2488ad31a0e651500f68",
        "type": "github"
      },
      "original": {
        "owner": "nix-systems",
        "repo": "default-linux",
        "type": "github"
      }
    },
    "treefmt-nix": {
      "inputs": {
        "nixpkgs": [
          "xinux-lib",
          "nixpkgs"
        ]
      },
      "locked": {
        "lastModified": 1773297127,
        "narHash": "sha256-6E/yhXP7Oy/NbXtf1ktzmU8SdVqJQ09HC/48ebEGBpk=",
        "owner": "numtide",
        "repo": "treefmt-nix",
        "rev": "71b125cd05fbfd78cab3e070b73544abe24c5016",
        "type": "github"
      },
      "original": {
        "owner": "numtide",
        "repo": "treefmt-nix",
        "type": "github"
      }
    },
    "utils": {
      "inputs": {
        "systems": [
          "systems"
        ]
      },
      "locked": {
        "lastModified": 1731533236,
        "narHash": "sha256-l0KFg5HjrsfsO/JpG+r7fRrqm12kzFHyUHqHCVpMMbI=",
        "owner": "numtide",
        "repo": "flake-utils",
        "rev": "11707dc2f618dd54ca8739b309ec4fc024de578b",
        "type": "github"
      },
      "original": {
        "owner": "numtide",
        "repo": "flake-utils",
        "type": "github"
      }
    },
    "uz-xkb": {
      "flake": false,
      "locked": {
        "lastModified": 1785762462,
        "narHash": "sha256-IOHsJ1Rcm9xQASi+q4xtlPzS+6zybC4S2KDZKA5VVwk=",
        "ref": "refs/heads/main",
        "rev": "bc49f375dfbf1307acf975d21297c6e8b2ad4185",
        "shallow": true,
        "type": "git",
        "url": "https://git.oss.uzinfocom.uz/mirrors/uzbek-linux-keyboard"
      },
      "original": {
        "shallow": true,
        "type": "git",
        "url": "https://git.oss.uzinfocom.uz/mirrors/uzbek-linux-keyboard"
      }
    },
    "xin": {
      "inputs": {
        "libxinux": [
          "libxinux"
        ],
        "nixpkgs": [
          "nixpkgs"
        ],
        "xinux-lib": [
          "xinux-lib"
        ]
      },
      "locked": {
        "lastModified": 1778240364,
        "narHash": "sha256-DJlxIsikFFjljOHwe3N/vySHSUxgsD9e3zSKosS4Qf8=",
        "ref": "main",
        "rev": "8410cb698a7c34e3fa9cc22cc58fac79cdc266fe",
        "shallow": true,
        "type": "git",
        "url": "https://git.oss.uzinfocom.uz/xinux/xin"
      },
      "original": {
        "ref": "main",
        "shallow": true,
        "type": "git",
        "url": "https://git.oss.uzinfocom.uz/xinux/xin"
      }
    },
    "xinux-lib": {
      "inputs": {
        "flake-compat": "flake-compat",
        "flake-parts": [
          "flake-parts"
        ],
        "flake-utils-plus": "flake-utils-plus",
        "git-hooks": "git-hooks",
        "nixpkgs": [
          "nixpkgs"
        ],
        "treefmt-nix": "treefmt-nix"
      },
      "locked": {
        "lastModified": 1787307424,
        "narHash": "sha256-C+ZlPU38AdDA08n61ZrTvIbOuio006OzcPoZhZn6xZc=",
        "ref": "main",
        "rev": "9d9b6dbaceb160ef4040f17b3a388bab9a1d567d",
        "shallow": true,
        "type": "git",
        "url": "https://git.oss.uzinfocom.uz/xinux/lib"
      },
      "original": {
        "ref": "main",
        "shallow": true,
        "type": "git",
        "url": "https://git.oss.uzinfocom.uz/xinux/lib"
      }
    },
    "xinux-module-manager": {
      "inputs": {
        "git-hooks": [
          "xinux-lib",
          "git-hooks"
        ],
        "nixpkgs": [
          "nixpkgs"
        ],
        "treefmt-nix": [
          "xinux-lib",
          "treefmt-nix"
        ],
        "xinux-lib": [
          "xinux-lib"
        ]
      },
      "locked": {
        "lastModified": 1787908961,
        "narHash": "sha256-4oTRn/5c6RHirDKaiSN8r+ge8WC1gA/5tyHH/abaVns=",
        "ref": "main",
        "rev": "aca5b4c6e31870a17f1ab0d9ecf26fb526177ec5",
        "shallow": true,
        "type": "git",
        "url": "https://git.oss.uzinfocom.uz/xinux/module-manager"
      },
      "original": {
        "ref": "main",
        "shallow": true,
        "type": "git",
        "url": "https://git.oss.uzinfocom.uz/xinux/module-manager"
      }
    },
    "xinux-settings": {
      "inputs": {
        "nixpkgs": [
          "nixpkgs"
        ],
        "xinux-lib": [
          "xinux-lib"
        ]
      },
      "locked": {
        "lastModified": 1789154677,
        "narHash": "sha256-kCIZk7n0FmV25oEuGVmBux7gu3uhlZIjV0D+5EJypOc=",
        "ref": "main",
        "rev": "7154c98b81e9f81657060862b84a22f815883176",
        "shallow": true,
        "type": "git",
        "url": "https://git.oss.uzinfocom.uz/xinux/settings"
      },
      "original": {
        "ref": "main",
        "shallow": true,
        "type": "git",
        "url": "https://git.oss.uzinfocom.uz/xinux/settings"
      }
    },
    "xinux-tour": {
      "inputs": {
        "flake-utils": [
          "flake-utils"
        ],
        "nixpkgs": [
          "nixpkgs"
        ]
      },
      "locked": {
        "lastModified": 1780054532,
        "narHash": "sha256-qsU43YTpDDuKwUZU8QtbcAYbdcPVWYJJC5vSpBCsgI4=",
        "ref": "main",
        "rev": "f023b9e9c987adbcedc9747a93c9a78a66c18b81",
        "shallow": true,
        "type": "git",
        "url": "https://git.oss.uzinfocom.uz/xinux/xinux-tour"
      },
      "original": {
        "ref": "main",
        "shallow": true,
        "type": "git",
        "url": "https://git.oss.uzinfocom.uz/xinux/xinux-tour"
      }
    },
    "xinux-wallpaper": {
      "inputs": {
        "flake-parts": [
          "flake-parts"
        ],
        "nixpkgs": [
          "nixpkgs"
        ]
      },
      "locked": {
        "lastModified": 1788354205,
        "narHash": "sha256-c1NPUVg47Av3DRUHnK/CjI/nBhe4r/UfdvJ9uaekfYg=",
        "ref": "main",
        "rev": "2db1ceca8d659a627a3db7a2d5894f64be8b30c7",
        "shallow": true,
        "type": "git",
        "url": "https://git.oss.uzinfocom.uz/xinux/wallpaper"
      },
      "original": {
        "ref": "main",
        "shallow": true,
        "type": "git",
        "url": "https://git.oss.uzinfocom.uz/xinux/wallpaper"
      }
    },
    "zen-browser": {
      "inputs": {
        "home-manager": "home-manager",
        "nixpkgs": [
          "nixpkgs"
        ]
      },
      "locked": {
        "lastModified": 1789239533,
        "narHash": "sha256-x6LDRbyl+trEnwrFth2SAdDf8x4SM7DWcjmR2JUxtAg=",
        "ref": "refs/heads/main",
        "rev": "b66d03970382d5185e040110b24ecb7a39df0e80",
        "shallow": true,
        "type": "git",
        "url": "https://git.oss.uzinfocom.uz/mirrors/zen-browser-flake"
      },
      "original": {
        "shallow": true,
        "type": "git",
        "url": "https://git.oss.uzinfocom.uz/mirrors/zen-browser-flake"
      }
    }
  },
  "root": "root",
  "version": 7
}
